
Microsoft Visual Studio Solution File, Format Version 12.00
# Visual Studio Version 17
VisualStudioVersion = 17.1.32228.430
MinimumVisualStudioVersion = 10.0.40219.1
Project("{9A19103F-16F7-4668-BE54-9A1E7A4F7556}") = "Northwind.Common.EntityModels.Sqlite", "Northwind.Common.EntityModels.Sqlite\Northwind.Common.EntityModels.Sqlite.csproj", "{A369846B-C37C-4C02-B9D6-EC075586269A}"
EndProject
Project("{9A19103F-16F7-4668-BE54-9A1E7A4F7556}") = "Northwind.Common.DataContext.Sqlite", "Northwind.Common.DataContext.Sqlite\Northwind.Common.DataContext.Sqlite.csproj", "{EAF332AF-5D54-4298-A52E-D80B3131DE98}"
EndProject
Project("{2150E333-8FDC-42A3-9474-1A3956D46DE8}") = "Solution Items", "Solution Items", "{87A6D80D-DE2B-4B89-9661-83B96146449A}"
	ProjectSection(SolutionItems) = preProject
		ReadMe.txt = ReadMe.txt
	EndProjectSection
EndProject
Project("{9A19103F-16F7-4668-BE54-9A1E7A4F7556}") = "Northwind.Web", "Northwind.Web\Northwind.Web.csproj", "{792F8656-C87A-482C-AA08-AE6FF44FF13C}"
EndProject
Project("{9A19103F-16F7-4668-BE54-9A1E7A4F7556}") = "Northwind.Razor.Employees", "Northwind.Razor.Employees\Northwind.Razor.Employees.csproj", "{C29302C9-088D-4532-9A16-350A32DB3806}"
EndProject
Project("{FAE04EC0-301F-11D3-BF4B-00C04F79EFBC}") = "Northwind.Mvc", "Northwind.Mvc\Northwind.Mvc.csproj", "{7AAEAEA0-C41A-49B0-8B6A-1D070C95AF24}"
EndProject
Global
	GlobalSection(SolutionConfigurationPlatforms) = preSolution
		Debug|Any CPU = Debug|Any CPU
		Release|Any CPU = Release|Any CPU
	EndGlobalSection
	GlobalSection(ProjectConfigurationPlatforms) = postSolution
		{A369846B-C37C-4C02-B9D6-EC075586269A}.Debug|Any CPU.ActiveCfg = Debug|Any CPU
		{A369846B-C37C-4C02-B9D6-EC075586269A}.Debug|Any CPU.Build.0 = Debug|Any CPU
		{A369846B-C37C-4C02-B9D6-EC075586269A}.Release|Any CPU.ActiveCfg = Release|Any CPU
		{A369846B-C37C-4C02-B9D6-EC075586269A}.Release|Any CPU.Build.0 = Release|Any CPU
		{EAF332AF-5D54-4298-A52E-D80B3131DE98}.Debug|Any CPU.ActiveCfg = Debug|Any CPU
		{EAF332AF-5D54-4298-A52E-D80B3131DE98}.Debug|Any CPU.Build.0 = Debug|Any CPU
		{EAF332AF-5D54-4298-A52E-D80B3131DE98}.Release|Any CPU.ActiveCfg = Release|Any CPU
		{EAF332AF-5D54-4298-A52E-D80B3131DE98}.Release|Any CPU.Build.0 = Release|Any CPU
		{792F8656-C87A-482C-AA08-AE6FF44FF13C}.Debug|Any CPU.ActiveCfg = Debug|Any CPU
		{792F8656-C87A-482C-AA08-AE6FF44FF13C}.Debug|Any CPU.Build.0 = Debug|Any CPU
		{792F8656-C87A-482C-AA08-AE6FF44FF13C}.Release|Any CPU.ActiveCfg = Release|Any CPU
		{792F8656-C87A-482C-AA08-AE6FF44FF13C}.Release|Any CPU.Build.0 = Release|Any CPU
		{C29302C9-088D-4532-9A16-350A32DB3806}.Debug|Any CPU.ActiveCfg = Debug|Any CPU
		{C29302C9-088D-4532-9A16-350A32DB3806}.Debug|Any CPU.Build.0 = Debug|Any CPU
		{C29302C9-088D-4532-9A16-350A32DB3806}.Release|Any CPU.ActiveCfg = Release|Any CPU
		{C29302C9-088D-4532-9A16-350A32DB3806}.Release|Any CPU.Build.0 = Release|Any CPU
		{7AAEAEA0-C41A-49B0-8B6A-1D070C95AF24}.Debug|Any CPU.ActiveCfg = Debug|Any CPU
		{7AAEAEA0-C41A-49B0-8B6A-1D070C95AF24}.Debug|Any CPU.Build.0 = Debug|Any CPU
		{7AAEAEA0-C41A-49B0-8B6A-1D070C95AF24}.Release|Any CPU.ActiveCfg = Release|Any CPU
		{7AAEAEA0-C41A-49B0-8B6A-1D070C95AF24}.Release|Any CPU.Build.0 = Release|Any CPU
	EndGlobalSection
	GlobalSection(SolutionProperties) = preSolution
		HideSolutionNode = FALSE
	EndGlobalSection
	GlobalSection(ExtensibilityGlobals) = postSolution
		SolutionGuid = {63601C13-CEAC-4723-BF2A-3834F1981F6F}
	EndGlobalSection
EndGlobal
