
Microsoft Visual Studio Solution File, Format Version 12.00
# Visual Studio Version 17
VisualStudioVersion = 17.1.32210.238
MinimumVisualStudioVersion = 10.0.40219.1
Project("{FAE04EC0-301F-11D3-BF4B-00C04F79EFBC}") = "WorkingWithRegEx", "WorkingWithRegEx\WorkingWithRegEx.csproj", "{2E20B630-0F0B-406E-A724-E77FBC905156}"
EndProject
Global
	GlobalSection(SolutionConfigurationPlatforms) = preSolution
		Debug|Any CPU = Debug|Any CPU
		Release|Any CPU = Release|Any CPU
	EndGlobalSection
	GlobalSection(ProjectConfigurationPlatforms) = postSolution
		{2E20B630-0F0B-406E-A724-E77FBC905156}.Debug|Any CPU.ActiveCfg = Debug|Any CPU
		{2E20B630-0F0B-406E-A724-E77FBC905156}.Debug|Any CPU.Build.0 = Debug|Any CPU
		{2E20B630-0F0B-406E-A724-E77FBC905156}.Release|Any CPU.ActiveCfg = Release|Any CPU
		{2E20B630-0F0B-406E-A724-E77FBC905156}.Release|Any CPU.Build.0 = Release|Any CPU
	EndGlobalSection
	GlobalSection(SolutionProperties) = preSolution
		HideSolutionNode = FALSE
	EndGlobalSection
	GlobalSection(ExtensibilityGlobals) = postSolution
		SolutionGuid = {74B4EE62-6BE4-4515-BFDB-B3482730B9BE}
	EndGlobalSection
EndGlobal
