
Microsoft Visual Studio Solution File, Format Version 12.00
# Visual Studio Version 17
VisualStudioVersion = 17.0.32126.317
MinimumVisualStudioVersion = 10.0.40219.1
Project("{9A19103F-16F7-4668-BE54-9A1E7A4F7556}") = "Chapter 01-3", "Chapter 1-2\Chapter 01-3.csproj", "{CDBFED34-47DD-4173-AD39-8C9D2016C115}"
EndProject
Project("{9A19103F-16F7-4668-BE54-9A1E7A4F7556}") = "Chapter 04", "Chapter 4\Chapter 04.csproj", "{C6E8CBC8-AF92-494D-AC5E-2F248B78589C}"
EndProject
Project("{9A19103F-16F7-4668-BE54-9A1E7A4F7556}") = "Chapter 04_CalculatoLib", "Chapter4_TestUnit\Chapter 04_CalculatoLib.csproj", "{E7F0152E-6CA8-47DE-A7B8-E85E2A0A52D1}"
EndProject
Project("{9A19103F-16F7-4668-BE54-9A1E7A4F7556}") = "CalcLibUnitTest", "CalcLibUnitTest\CalcLibUnitTest.csproj", "{23D78CF8-F867-49A4-82DB-02C7C15D3CF6}"
EndProject
Project("{2150E333-8FDC-42A3-9474-1A3956D46DE8}") = "Chapter 05", "Chapter 05", "{8A4D2227-9D6F-424A-838E-8FB6D2DDCFCF}"
EndProject
Project("{9A19103F-16F7-4668-BE54-9A1E7A4F7556}") = "PacktLibrary", "PacktLibrary\PacktLibrary.csproj", "{4E667AB0-353E-4189-A8A6-B6A536223739}"
EndProject
Project("{9A19103F-16F7-4668-BE54-9A1E7A4F7556}") = "PeopleApp", "PeopleApp\PeopleApp.csproj", "{87C6CE1C-84E2-4B70-B09F-7604DFE3D540}"
EndProject
Project("{9A19103F-16F7-4668-BE54-9A1E7A4F7556}") = "MinimalAPI", "MinimalAPI\MinimalAPI.csproj", "{63AE23D8-C594-43E8-BA1B-2259CF48AF5D}"
EndProject
Project("{FAE04EC0-301F-11D3-BF4B-00C04F79EFBC}") = "PackitLibModern", "PackitLibModern\PackitLibModern.csproj", "{6E83864A-164B-415B-9018-FA2B202009AE}"
EndProject
Global
	GlobalSection(SolutionConfigurationPlatforms) = preSolution
		Debug|Any CPU = Debug|Any CPU
		Release|Any CPU = Release|Any CPU
	EndGlobalSection
	GlobalSection(ProjectConfigurationPlatforms) = postSolution
		{CDBFED34-47DD-4173-AD39-8C9D2016C115}.Debug|Any CPU.ActiveCfg = Debug|Any CPU
		{CDBFED34-47DD-4173-AD39-8C9D2016C115}.Debug|Any CPU.Build.0 = Debug|Any CPU
		{CDBFED34-47DD-4173-AD39-8C9D2016C115}.Release|Any CPU.ActiveCfg = Release|Any CPU
		{CDBFED34-47DD-4173-AD39-8C9D2016C115}.Release|Any CPU.Build.0 = Release|Any CPU
		{C6E8CBC8-AF92-494D-AC5E-2F248B78589C}.Debug|Any CPU.ActiveCfg = Debug|Any CPU
		{C6E8CBC8-AF92-494D-AC5E-2F248B78589C}.Debug|Any CPU.Build.0 = Debug|Any CPU
		{C6E8CBC8-AF92-494D-AC5E-2F248B78589C}.Release|Any CPU.ActiveCfg = Release|Any CPU
		{C6E8CBC8-AF92-494D-AC5E-2F248B78589C}.Release|Any CPU.Build.0 = Release|Any CPU
		{E7F0152E-6CA8-47DE-A7B8-E85E2A0A52D1}.Debug|Any CPU.ActiveCfg = Debug|Any CPU
		{E7F0152E-6CA8-47DE-A7B8-E85E2A0A52D1}.Debug|Any CPU.Build.0 = Debug|Any CPU
		{E7F0152E-6CA8-47DE-A7B8-E85E2A0A52D1}.Release|Any CPU.ActiveCfg = Release|Any CPU
		{E7F0152E-6CA8-47DE-A7B8-E85E2A0A52D1}.Release|Any CPU.Build.0 = Release|Any CPU
		{23D78CF8-F867-49A4-82DB-02C7C15D3CF6}.Debug|Any CPU.ActiveCfg = Debug|Any CPU
		{23D78CF8-F867-49A4-82DB-02C7C15D3CF6}.Debug|Any CPU.Build.0 = Debug|Any CPU
		{23D78CF8-F867-49A4-82DB-02C7C15D3CF6}.Release|Any CPU.ActiveCfg = Release|Any CPU
		{23D78CF8-F867-49A4-82DB-02C7C15D3CF6}.Release|Any CPU.Build.0 = Release|Any CPU
		{4E667AB0-353E-4189-A8A6-B6A536223739}.Debug|Any CPU.ActiveCfg = Debug|Any CPU
		{4E667AB0-353E-4189-A8A6-B6A536223739}.Debug|Any CPU.Build.0 = Debug|Any CPU
		{4E667AB0-353E-4189-A8A6-B6A536223739}.Release|Any CPU.ActiveCfg = Release|Any CPU
		{4E667AB0-353E-4189-A8A6-B6A536223739}.Release|Any CPU.Build.0 = Release|Any CPU
		{87C6CE1C-84E2-4B70-B09F-7604DFE3D540}.Debug|Any CPU.ActiveCfg = Debug|Any CPU
		{87C6CE1C-84E2-4B70-B09F-7604DFE3D540}.Debug|Any CPU.Build.0 = Debug|Any CPU
		{87C6CE1C-84E2-4B70-B09F-7604DFE3D540}.Release|Any CPU.ActiveCfg = Release|Any CPU
		{87C6CE1C-84E2-4B70-B09F-7604DFE3D540}.Release|Any CPU.Build.0 = Release|Any CPU
		{63AE23D8-C594-43E8-BA1B-2259CF48AF5D}.Debug|Any CPU.ActiveCfg = Debug|Any CPU
		{63AE23D8-C594-43E8-BA1B-2259CF48AF5D}.Debug|Any CPU.Build.0 = Debug|Any CPU
		{63AE23D8-C594-43E8-BA1B-2259CF48AF5D}.Release|Any CPU.ActiveCfg = Release|Any CPU
		{63AE23D8-C594-43E8-BA1B-2259CF48AF5D}.Release|Any CPU.Build.0 = Release|Any CPU
		{6E83864A-164B-415B-9018-FA2B202009AE}.Debug|Any CPU.ActiveCfg = Debug|Any CPU
		{6E83864A-164B-415B-9018-FA2B202009AE}.Debug|Any CPU.Build.0 = Debug|Any CPU
		{6E83864A-164B-415B-9018-FA2B202009AE}.Release|Any CPU.ActiveCfg = Release|Any CPU
		{6E83864A-164B-415B-9018-FA2B202009AE}.Release|Any CPU.Build.0 = Release|Any CPU
	EndGlobalSection
	GlobalSection(SolutionProperties) = preSolution
		HideSolutionNode = FALSE
	EndGlobalSection
	GlobalSection(NestedProjects) = preSolution
		{4E667AB0-353E-4189-A8A6-B6A536223739} = {8A4D2227-9D6F-424A-838E-8FB6D2DDCFCF}
		{87C6CE1C-84E2-4B70-B09F-7604DFE3D540} = {8A4D2227-9D6F-424A-838E-8FB6D2DDCFCF}
		{6E83864A-164B-415B-9018-FA2B202009AE} = {8A4D2227-9D6F-424A-838E-8FB6D2DDCFCF}
	EndGlobalSection
	GlobalSection(ExtensibilityGlobals) = postSolution
		SolutionGuid = {735C0E93-F683-4C39-9D14-FDE135262B58}
	EndGlobalSection
EndGlobal
